
Microsoft Visual Studio Solution File, Format Version 12.00
# Visual Studio Version 16
VisualStudioVersion = 16.0.30204.135
MinimumVisualStudioVersion = 10.0.40219.1
Project("{9A19103F-16F7-4668-BE54-9A1E7A4F7556}") = "Pseudonym.Crypto.Invictus.Funds", "src\Pseudonym.Crypto.Invictus.Funds\Pseudonym.Crypto.Invictus.Funds.csproj", "{8F617BA0-EC93-4E3F-9A3C-445AA29DF76D}"
EndProject
Project("{2150E333-8FDC-42A3-9474-1A3956D46DE8}") = "Solution Items", "Solution Items", "{860114B7-07C9-4462-8B63-FAE84A7866C5}"
	ProjectSection(SolutionItems) = preProject
		.gitignore = .gitignore
		NuGet.config = NuGet.config
		README.md = README.md
		StyleCop.ruleset = StyleCop.ruleset
	EndProjectSection
EndProject
Global
	GlobalSection(SolutionConfigurationPlatforms) = preSolution
		Debug|Any CPU = Debug|Any CPU
		Release|Any CPU = Release|Any CPU
	EndGlobalSection
	GlobalSection(ProjectConfigurationPlatforms) = postSolution
		{8F617BA0-EC93-4E3F-9A3C-445AA29DF76D}.Debug|Any CPU.ActiveCfg = Debug|Any CPU
		{8F617BA0-EC93-4E3F-9A3C-445AA29DF76D}.Debug|Any CPU.Build.0 = Debug|Any CPU
		{8F617BA0-EC93-4E3F-9A3C-445AA29DF76D}.Release|Any CPU.ActiveCfg = Release|Any CPU
		{8F617BA0-EC93-4E3F-9A3C-445AA29DF76D}.Release|Any CPU.Build.0 = Release|Any CPU
	EndGlobalSection
	GlobalSection(SolutionProperties) = preSolution
		HideSolutionNode = FALSE
	EndGlobalSection
	GlobalSection(ExtensibilityGlobals) = postSolution
		SolutionGuid = {5143AEB1-1AB5-4701-B1C4-757C15AF5D9B}
	EndGlobalSection
EndGlobal
